
Microsoft Visual Studio Solution File, Format Version 12.00
# Visual Studio Version 17
VisualStudioVersion = 17.13.35825.156 d17.13
MinimumVisualStudioVersion = 10.0.40219.1
Project("{FAE04EC0-301F-11D3-BF4B-00C04F79EFBC}") = "CaesarCipher", "CaesarCipher\CaesarCipher.csproj", "{F06B59A4-0686-46D9-B34A-5D2033E9961A}"
EndProject
Global
	GlobalSection(SolutionConfigurationPlatforms) = preSolution
		Debug|Any CPU = Debug|Any CPU
		Release|Any CPU = Release|Any CPU
	EndGlobalSection
	GlobalSection(ProjectConfigurationPlatforms) = postSolution
		{F06B59A4-0686-46D9-B34A-5D2033E9961A}.Debug|Any CPU.ActiveCfg = Debug|Any CPU
		{F06B59A4-0686-46D9-B34A-5D2033E9961A}.Debug|Any CPU.Build.0 = Debug|Any CPU
		{F06B59A4-0686-46D9-B34A-5D2033E9961A}.Release|Any CPU.ActiveCfg = Release|Any CPU
		{F06B59A4-0686-46D9-B34A-5D2033E9961A}.Release|Any CPU.Build.0 = Release|Any CPU
	EndGlobalSection
	GlobalSection(SolutionProperties) = preSolution
		HideSolutionNode = FALSE
	EndGlobalSection
	GlobalSection(ExtensibilityGlobals) = postSolution
		SolutionGuid = {E401E9FA-7A8C-491E-A8B7-9C2C614F17A5}
	EndGlobalSection
EndGlobal
